// !$*UTF8*$!
{
	archiveVersion = 1;
	classes = {
	};
	objectVersion = 48;
	objects = {

/* Begin PBXBuildFile section */
		95837EC6A3FB99CCD56A4675 /* Pods_dotodo.framework in Frameworks */ = {isa = PBXBuildFile; fileRef = 27046F78EAA0993FB4A61B9B /* Pods_dotodo.framework */; };
		FA12313B20164B6F000D31A1 /* AppDelegate.swift in Sources */ = {isa = PBXBuildFile; fileRef = FA12313A20164B6F000D31A1 /* AppDelegate.swift */; };
		FA12314020164B6F000D31A1 /* Main.storyboard in Resources */ = {isa = PBXBuildFile; fileRef = FA12313E20164B6F000D31A1 /* Main.storyboard */; };
		FA12314220164B6F000D31A1 /* Assets.xcassets in Resources */ = {isa = PBXBuildFile; fileRef = FA12314120164B6F000D31A1 /* Assets.xcassets */; };
		FA12314520164B6F000D31A1 /* LaunchScreen.storyboard in Resources */ = {isa = PBXBuildFile; fileRef = FA12314320164B6F000D31A1 /* LaunchScreen.storyboard */; };
		FACD44C2207F32A100ABF3F6 /* LoadingScreen.swift in Sources */ = {isa = PBXBuildFile; fileRef = FACD44C1207F32A100ABF3F6 /* LoadingScreen.swift */; };
		FACD44C4207F32B800ABF3F6 /* LoginScreen.swift in Sources */ = {isa = PBXBuildFile; fileRef = FACD44C3207F32B800ABF3F6 /* LoginScreen.swift */; };
		FACD44C6207F333E00ABF3F6 /* CustomRootTabViewController.swift in Sources */ = {isa = PBXBuildFile; fileRef = FACD44C5207F333E00ABF3F6 /* CustomRootTabViewController.swift */; };
		FACD44C8207F344400ABF3F6 /* CalendarScreen.swift in Sources */ = {isa = PBXBuildFile; fileRef = FACD44C7207F344400ABF3F6 /* CalendarScreen.swift */; };
		FACD44CA207F345200ABF3F6 /* TasksScreen.swift in Sources */ = {isa = PBXBuildFile; fileRef = FACD44C9207F345200ABF3F6 /* TasksScreen.swift */; };
		FACD44CC207F34CA00ABF3F6 /* SettingsScreen.swift in Sources */ = {isa = PBXBuildFile; fileRef = FACD44CB207F34CA00ABF3F6 /* SettingsScreen.swift */; };
/* End PBXBuildFile section */

/* Begin PBXFileReference section */
		27046F78EAA0993FB4A61B9B /* Pods_dotodo.framework */ = {isa = PBXFileReference; explicitFileType = wrapper.framework; includeInIndex = 0; path = Pods_dotodo.framework; sourceTree = BUILT_PRODUCTS_DIR; };
		3B2647FDECA12DF35F224243 /* Pods-dotodo.debug.xcconfig */ = {isa = PBXFileReference; includeInIndex = 1; lastKnownFileType = text.xcconfig; name = "Pods-dotodo.debug.xcconfig"; path = "Pods/Target Support Files/Pods-dotodo/Pods-dotodo.debug.xcconfig"; sourceTree = "<group>"; };
		FA12313720164B6F000D31A1 /* dotodo.app */ = {isa = PBXFileReference; explicitFileType = wrapper.application; includeInIndex = 0; path = dotodo.app; sourceTree = BUILT_PRODUCTS_DIR; };
		FA12313A20164B6F000D31A1 /* AppDelegate.swift */ = {isa = PBXFileReference; lastKnownFileType = sourcecode.swift; path = AppDelegate.swift; sourceTree = "<group>"; };
		FA12313F20164B6F000D31A1 /* Base */ = {isa = PBXFileReference; lastKnownFileType = file.storyboard; name = Base; path = Base.lproj/Main.storyboard; sourceTree = "<group>"; };
		FA12314120164B6F000D31A1 /* Assets.xcassets */ = {isa = PBXFileReference; lastKnownFileType = folder.assetcatalog; path = Assets.xcassets; sourceTree = "<group>"; };
		FA12314420164B6F000D31A1 /* Base */ = {isa = PBXFileReference; lastKnownFileType = file.storyboard; name = Base; path = Base.lproj/LaunchScreen.storyboard; sourceTree = "<group>"; };
		FA12314620164B6F000D31A1 /* Info.plist */ = {isa = PBXFileReference; lastKnownFileType = text.plist.xml; path = Info.plist; sourceTree = "<group>"; };
		FACD44C1207F32A100ABF3F6 /* LoadingScreen.swift */ = {isa = PBXFileReference; lastKnownFileType = sourcecode.swift; path = LoadingScreen.swift; sourceTree = "<group>"; };
		FACD44C3207F32B800ABF3F6 /* LoginScreen.swift */ = {isa = PBXFileReference; lastKnownFileType = sourcecode.swift; path = LoginScreen.swift; sourceTree = "<group>"; };
		FACD44C5207F333E00ABF3F6 /* CustomRootTabViewController.swift */ = {isa = PBXFileReference; lastKnownFileType = sourcecode.swift; path = CustomRootTabViewController.swift; sourceTree = "<group>"; };
		FACD44C7207F344400ABF3F6 /* CalendarScreen.swift */ = {isa = PBXFileReference; lastKnownFileType = sourcecode.swift; path = CalendarScreen.swift; sourceTree = "<group>"; };
		FACD44C9207F345200ABF3F6 /* TasksScreen.swift */ = {isa = PBXFileReference; lastKnownFileType = sourcecode.swift; path = TasksScreen.swift; sourceTree = "<group>"; };
		FACD44CB207F34CA00ABF3F6 /* SettingsScreen.swift */ = {isa = PBXFileReference; lastKnownFileType = sourcecode.swift; path = SettingsScreen.swift; sourceTree = "<group>"; };
		FCAAC4382DEB2CC76B17572B /* Pods-dotodo.release.xcconfig */ = {isa = PBXFileReference; includeInIndex = 1; lastKnownFileType = text.xcconfig; name = "Pods-dotodo.release.xcconfig"; path = "Pods/Target Support Files/Pods-dotodo/Pods-dotodo.release.xcconfig"; sourceTree = "<group>"; };
/* End PBXFileReference section */

/* Begin PBXFrameworksBuildPhase section */
		FA12313420164B6F000D31A1 /* Frameworks */ = {
			isa = PBXFrameworksBuildPhase;
			buildActionMask = 2147483647;
			files = (
				95837EC6A3FB99CCD56A4675 /* Pods_dotodo.framework in Frameworks */,
			);
			runOnlyForDeploymentPostprocessing = 0;
		};
/* End PBXFrameworksBuildPhase section */

/* Begin PBXGroup section */
		7D95FD37194E22D8E2C1BC61 /* Pods */ = {
			isa = PBXGroup;
			children = (
				3B2647FDECA12DF35F224243 /* Pods-dotodo.debug.xcconfig */,
				FCAAC4382DEB2CC76B17572B /* Pods-dotodo.release.xcconfig */,
			);
			name = Pods;
			sourceTree = "<group>";
		};
		9B48E69E9FB400DDD985AFE8 /* Frameworks */ = {
			isa = PBXGroup;
			children = (
				27046F78EAA0993FB4A61B9B /* Pods_dotodo.framework */,
			);
			name = Frameworks;
			sourceTree = "<group>";
		};
		FA12312E20164B6F000D31A1 = {
			isa = PBXGroup;
			children = (
				FA12313920164B6F000D31A1 /* dotodo */,
				FA12313820164B6F000D31A1 /* Products */,
				7D95FD37194E22D8E2C1BC61 /* Pods */,
				9B48E69E9FB400DDD985AFE8 /* Frameworks */,
			);
			sourceTree = "<group>";
		};
		FA12313820164B6F000D31A1 /* Products */ = {
			isa = PBXGroup;
			children = (
				FA12313720164B6F000D31A1 /* dotodo.app */,
			);
			name = Products;
			sourceTree = "<group>";
		};
		FA12313920164B6F000D31A1 /* dotodo */ = {
			isa = PBXGroup;
			children = (
				FA12313A20164B6F000D31A1 /* AppDelegate.swift */,
				FA12313E20164B6F000D31A1 /* Main.storyboard */,
				FACD44C1207F32A100ABF3F6 /* LoadingScreen.swift */,
				FACD44C3207F32B800ABF3F6 /* LoginScreen.swift */,
				FACD44C5207F333E00ABF3F6 /* CustomRootTabViewController.swift */,
				FACD44C7207F344400ABF3F6 /* CalendarScreen.swift */,
				FACD44C9207F345200ABF3F6 /* TasksScreen.swift */,
				FACD44CB207F34CA00ABF3F6 /* SettingsScreen.swift */,
				FA12314120164B6F000D31A1 /* Assets.xcassets */,
				FA12314320164B6F000D31A1 /* LaunchScreen.storyboard */,
				FA12314620164B6F000D31A1 /* Info.plist */,
			);
			path = dotodo;
			sourceTree = "<group>";
		};
/* End PBXGroup section */

/* Begin PBXNativeTarget section */
		FA12313620164B6F000D31A1 /* dotodo */ = {
			isa = PBXNativeTarget;
			buildConfigurationList = FA12314920164B6F000D31A1 /* Build configuration list for PBXNativeTarget "dotodo" */;
			buildPhases = (
				F07CE26C1B20D137F6C1B9DB /* [CP] Check Pods Manifest.lock */,
				FA12313320164B6F000D31A1 /* Sources */,
				FA12313420164B6F000D31A1 /* Frameworks */,
				FA12313520164B6F000D31A1 /* Resources */,
				5AFBBD6D42620BC5D4894956 /* [CP] Embed Pods Frameworks */,
			);
			buildRules = (
			);
			dependencies = (
			);
			name = dotodo;
			productName = dotodo;
			productReference = FA12313720164B6F000D31A1 /* dotodo.app */;
			productType = "com.apple.product-type.application";
		};
/* End PBXNativeTarget section */

/* Begin PBXProject section */
		FA12312F20164B6F000D31A1 /* Project object */ = {
			isa = PBXProject;
			attributes = {
				LastSwiftUpdateCheck = 0920;
				LastUpgradeCheck = 0920;
				ORGANIZATIONNAME = "Mohammad Al-Ahdal";
				TargetAttributes = {
					FA12313620164B6F000D31A1 = {
						CreatedOnToolsVersion = 9.2;
						ProvisioningStyle = Automatic;
					};
				};
			};
			buildConfigurationList = FA12313220164B6F000D31A1 /* Build configuration list for PBXProject "dotodo" */;
			compatibilityVersion = "Xcode 8.0";
			developmentRegion = en;
			hasScannedForEncodings = 0;
			knownRegions = (
				en,
				Base,
			);
			mainGroup = FA12312E20164B6F000D31A1;
			productRefGroup = FA12313820164B6F000D31A1 /* Products */;
			projectDirPath = "";
			projectRoot = "";
			targets = (
				FA12313620164B6F000D31A1 /* dotodo */,
			);
		};
/* End PBXProject section */

/* Begin PBXResourcesBuildPhase section */
		FA12313520164B6F000D31A1 /* Resources */ = {
			isa = PBXResourcesBuildPhase;
			buildActionMask = 2147483647;
			files = (
				FA12314520164B6F000D31A1 /* LaunchScreen.storyboard in Resources */,
				FA12314220164B6F000D31A1 /* Assets.xcassets in Resources */,
				FA12314020164B6F000D31A1 /* Main.storyboard in Resources */,
			);
			runOnlyForDeploymentPostprocessing = 0;
		};
/* End PBXResourcesBuildPhase section */

/* Begin PBXShellScriptBuildPhase section */
		5AFBBD6D42620BC5D4894956 /* [CP] Embed Pods Frameworks */ = {
			isa = PBXShellScriptBuildPhase;
			buildActionMask = 2147483647;
			files = (
			);
			inputPaths = (
				"${SRCROOT}/Pods/Target Support Files/Pods-dotodo/Pods-dotodo-frameworks.sh",
				"${BUILT_PRODUCTS_DIR}/GTMSessionFetcher/GTMSessionFetcher.framework",
				"${BUILT_PRODUCTS_DIR}/GoogleToolboxForMac/GoogleToolboxForMac.framework",
				"${BUILT_PRODUCTS_DIR}/leveldb-library/leveldb.framework",
				"${BUILT_PRODUCTS_DIR}/lottie-ios/Lottie.framework",
				"${BUILT_PRODUCTS_DIR}/nanopb/nanopb.framework",
			);
			name = "[CP] Embed Pods Frameworks";
			outputPaths = (
				"${TARGET_BUILD_DIR}/${FRAMEWORKS_FOLDER_PATH}/GTMSessionFetcher.framework",
				"${TARGET_BUILD_DIR}/${FRAMEWORKS_FOLDER_PATH}/GoogleToolboxForMac.framework",
				"${TARGET_BUILD_DIR}/${FRAMEWORKS_FOLDER_PATH}/leveldb.framework",
				"${TARGET_BUILD_DIR}/${FRAMEWORKS_FOLDER_PATH}/Lottie.framework",
				"${TARGET_BUILD_DIR}/${FRAMEWORKS_FOLDER_PATH}/nanopb.framework",
			);
			runOnlyForDeploymentPostprocessing = 0;
			shellPath = /bin/sh;
			shellScript = "\"${SRCROOT}/Pods/Target Support Files/Pods-dotodo/Pods-dotodo-frameworks.sh\"\n";
			showEnvVarsInLog = 0;
		};
		F07CE26C1B20D137F6C1B9DB /* [CP] Check Pods Manifest.lock */ = {
			isa = PBXShellScriptBuildPhase;
			buildActionMask = 2147483647;
			files = (
			);
			inputPaths = (
				"${PODS_PODFILE_DIR_PATH}/Podfile.lock",
				"${PODS_ROOT}/Manifest.lock",
			);
			name = "[CP] Check Pods Manifest.lock";
			outputPaths = (
				"$(DERIVED_FILE_DIR)/Pods-dotodo-checkManifestLockResult.txt",
			);
			runOnlyForDeploymentPostprocessing = 0;
			shellPath = /bin/sh;
			shellScript = "diff \"${PODS_PODFILE_DIR_PATH}/Podfile.lock\" \"${PODS_ROOT}/Manifest.lock\" > /dev/null\nif [ $? != 0 ] ; then\n    # print error to STDERR\n    echo \"error: The sandbox is not in sync with the Podfile.lock. Run 'pod install' or update your CocoaPods installation.\" >&2\n    exit 1\nfi\n# This output is used by Xcode 'outputs' to avoid re-running this script phase.\necho \"SUCCESS\" > \"${SCRIPT_OUTPUT_FILE_0}\"\n";
			showEnvVarsInLog = 0;
		};
/* End PBXShellScriptBuildPhase section */

/* Begin PBXSourcesBuildPhase section */
		FA12313320164B6F000D31A1 /* Sources */ = {
			isa = PBXSourcesBuildPhase;
			buildActionMask = 2147483647;
			files = (
				FACD44C2207F32A100ABF3F6 /* LoadingScreen.swift in Sources */,
				FACD44CC207F34CA00ABF3F6 /* SettingsScreen.swift in Sources */,
				FA12313B20164B6F000D31A1 /* AppDelegate.swift in Sources */,
				FACD44CA207F345200ABF3F6 /* TasksScreen.swift in Sources */,
				FACD44C8207F344400ABF3F6 /* CalendarScreen.swift in Sources */,
				FACD44C4207F32B800ABF3F6 /* LoginScreen.swift in Sources */,
				FACD44C6207F333E00ABF3F6 /* CustomRootTabViewController.swift in Sources */,
			);
			runOnlyForDeploymentPostprocessing = 0;
		};
/* End PBXSourcesBuildPhase section */

/* Begin PBXVariantGroup section */
		FA12313E20164B6F000D31A1 /* Main.storyboard */ = {
			isa = PBXVariantGroup;
			children = (
				FA12313F20164B6F000D31A1 /* Base */,
			);
			name = Main.storyboard;
			sourceTree = "<group>";
		};
		FA12314320164B6F000D31A1 /* LaunchScreen.storyboard */ = {
			isa = PBXVariantGroup;
			children = (
				FA12314420164B6F000D31A1 /* Base */,
			);
			name = LaunchScreen.storyboard;
			sourceTree = "<group>";
		};
/* End PBXVariantGroup section */

/* Begin XCBuildConfiguration section */
		FA12314720164B6F000D31A1 /* Debug */ = {
			isa = XCBuildConfiguration;
			buildSettings = {
				ALWAYS_SEARCH_USER_PATHS = NO;
				CLANG_ANALYZER_NONNULL = YES;
				CLANG_ANALYZER_NUMBER_OBJECT_CONVERSION = YES_AGGRESSIVE;
				CLANG_CXX_LANGUAGE_STANDARD = "gnu++14";
				CLANG_CXX_LIBRARY = "libc++";
				CLANG_ENABLE_MODULES = YES;
				CLANG_ENABLE_OBJC_ARC = YES;
				CLANG_WARN_BLOCK_CAPTURE_AUTORELEASING = YES;
				CLANG_WARN_BOOL_CONVERSION = YES;
				CLANG_WARN_COMMA = YES;
				CLANG_WARN_CONSTANT_CONVERSION = YES;
				CLANG_WARN_DIRECT_OBJC_ISA_USAGE = YES_ERROR;
				CLANG_WARN_DOCUMENTATION_COMMENTS = YES;
				CLANG_WARN_EMPTY_BODY = YES;
				CLANG_WARN_ENUM_CONVERSION = YES;
				CLANG_WARN_INFINITE_RECURSION = YES;
				CLANG_WARN_INT_CONVERSION = YES;
				CLANG_WARN_NON_LITERAL_NULL_CONVERSION = YES;
				CLANG_WARN_OBJC_LITERAL_CONVERSION = YES;
				CLANG_WARN_OBJC_ROOT_CLASS = YES_ERROR;
				CLANG_WARN_RANGE_LOOP_ANALYSIS = YES;
				CLANG_WARN_STRICT_PROTOTYPES = YES;
				CLANG_WARN_SUSPICIOUS_MOVE = YES;
				CLANG_WARN_UNGUARDED_AVAILABILITY = YES_AGGRESSIVE;
				CLANG_WARN_UNREACHABLE_CODE = YES;
				CLANG_WARN__DUPLICATE_METHOD_MATCH = YES;
				CODE_SIGN_IDENTITY = "iPhone Developer";
				COPY_PHASE_STRIP = NO;
				DEBUG_INFORMATION_FORMAT = dwarf;
				ENABLE_STRICT_OBJC_MSGSEND = YES;
				ENABLE_TESTABILITY = YES;
				GCC_C_LANGUAGE_STANDARD = gnu11;
				GCC_DYNAMIC_NO_PIC = NO;
				GCC_NO_COMMON_BLOCKS = YES;
				GCC_OPTIMIZATION_LEVEL = 0;
				GCC_PREPROCESSOR_DEFINITIONS = (
					"DEBUG=1",
					"$(inherited)",
				);
				GCC_WARN_64_TO_32_BIT_CONVERSION = YES;
				GCC_WARN_ABOUT_RETURN_TYPE = YES_ERROR;
				GCC_WARN_UNDECLARED_SELECTOR = YES;
				GCC_WARN_UNINITIALIZED_AUTOS = YES_AGGRESSIVE;
				GCC_WARN_UNUSED_FUNCTION = YES;
				GCC_WARN_UNUSED_VARIABLE = YES;
				IPHONEOS_DEPLOYMENT_TARGET = 11.2;
				MTL_ENABLE_DEBUG_INFO = YES;
				ONLY_ACTIVE_ARCH = YES;
				SDKROOT = iphoneos;
				SWIFT_ACTIVE_COMPILATION_CONDITIONS = DEBUG;
				SWIFT_OPTIMIZATION_LEVEL = "-Onone";
			};
			name = Debug;
		};
		FA12314820164B6F000D31A1 /* Release */ = {
			isa = XCBuildConfiguration;
			buildSettings = {
				ALWAYS_SEARCH_USER_PATHS = NO;
				CLANG_ANALYZER_NONNULL = YES;
				CLANG_ANALYZER_NUMBER_OBJECT_CONVERSION = YES_AGGRESSIVE;
				CLANG_CXX_LANGUAGE_STANDARD = "gnu++14";
				CLANG_CXX_LIBRARY = "libc++";
				CLANG_ENABLE_MODULES = YES;
				CLANG_ENABLE_OBJC_ARC = YES;
				CLANG_WARN_BLOCK_CAPTURE_AUTORELEASING = YES;
				CLANG_WARN_BOOL_CONVERSION = YES;
				CLANG_WARN_COMMA = YES;
				CLANG_WARN_CONSTANT_CONVERSION = YES;
				CLANG_WARN_DIRECT_OBJC_ISA_USAGE = YES_ERROR;
				CLANG_WARN_DOCUMENTATION_COMMENTS = YES;
				CLANG_WARN_EMPTY_BODY = YES;
				CLANG_WARN_ENUM_CONVERSION = YES;
				CLANG_WARN_INFINITE_RECURSION = YES;
				CLANG_WARN_INT_CONVERSION = YES;
				CLANG_WARN_NON_LITERAL_NULL_CONVERSION = YES;
				CLANG_WARN_OBJC_LITERAL_CONVERSION = YES;
				CLANG_WARN_OBJC_ROOT_CLASS = YES_ERROR;
				CLANG_WARN_RANGE_LOOP_ANALYSIS = YES;
				CLANG_WARN_STRICT_PROTOTYPES = YES;
				CLANG_WARN_SUSPICIOUS_MOVE = YES;
				CLANG_WARN_UNGUARDED_AVAILABILITY = YES_AGGRESSIVE;
				CLANG_WARN_UNREACHABLE_CODE = YES;
				CLANG_WARN__DUPLICATE_METHOD_MATCH = YES;
				CODE_SIGN_IDENTITY = "iPhone Developer";
				COPY_PHASE_STRIP = NO;
				DEBUG_INFORMATION_FORMAT = "dwarf-with-dsym";
				ENABLE_NS_ASSERTIONS = NO;
				ENABLE_STRICT_OBJC_MSGSEND = YES;
				GCC_C_LANGUAGE_STANDARD = gnu11;
				GCC_NO_COMMON_BLOCKS = YES;
				GCC_WARN_64_TO_32_BIT_CONVERSION = YES;
				GCC_WARN_ABOUT_RETURN_TYPE = YES_ERROR;
				GCC_WARN_UNDECLARED_SELECTOR = YES;
				GCC_WARN_UNINITIALIZED_AUTOS = YES_AGGRESSIVE;
				GCC_WARN_UNUSED_FUNCTION = YES;
				GCC_WARN_UNUSED_VARIABLE = YES;
				IPHONEOS_DEPLOYMENT_TARGET = 11.2;
				MTL_ENABLE_DEBUG_INFO = NO;
				SDKROOT = iphoneos;
				SWIFT_OPTIMIZATION_LEVEL = "-Owholemodule";
				VALIDATE_PRODUCT = YES;
			};
			name = Release;
		};
		FA12314A20164B6F000D31A1 /* Debug */ = {
			isa = XCBuildConfiguration;
			baseConfigurationReference = 3B2647FDECA12DF35F224243 /* Pods-dotodo.debug.xcconfig */;
			buildSettings = {
				ASSETCATALOG_COMPILER_APPICON_NAME = AppIcon;
				CODE_SIGN_STYLE = Automatic;
				DEVELOPMENT_TEAM = 9RRMC8U5VD;
				INFOPLIST_FILE = dotodo/Info.plist;
				IPHONEOS_DEPLOYMENT_TARGET = 10.0;
				LD_RUNPATH_SEARCH_PATHS = "$(inherited) @executable_path/Frameworks";
				PRODUCT_BUNDLE_IDENTIFIER = ca.amperelabs.dotodo;
				PRODUCT_NAME = "$(TARGET_NAME)";
				SWIFT_VERSION = 4.0;
				TARGETED_DEVICE_FAMILY = "1,2";
			};
			name = Debug;
		};
		FA12314B20164B6F000D31A1 /* Release */ = {
			isa = XCBuildConfiguration;
			baseConfigurationReference = FCAAC4382DEB2CC76B17572B /* Pods-dotodo.release.xcconfig */;
			buildSettings = {
				ASSETCATALOG_COMPILER_APPICON_NAME = AppIcon;
				CODE_SIGN_STYLE = Automatic;
				DEVELOPMENT_TEAM = 9RRMC8U5VD;
				INFOPLIST_FILE = dotodo/Info.plist;
				IPHONEOS_DEPLOYMENT_TARGET = 10.0;
				LD_RUNPATH_SEARCH_PATHS = "$(inherited) @executable_path/Frameworks";
				PRODUCT_BUNDLE_IDENTIFIER = ca.amperelabs.dotodo;
				PRODUCT_NAME = "$(TARGET_NAME)";
				SWIFT_VERSION = 4.0;
				TARGETED_DEVICE_FAMILY = "1,2";
			};
			name = Release;
		};
/* End XCBuildConfiguration section */

/* Begin XCConfigurationList section */
		FA12313220164B6F000D31A1 /* Build configuration list for PBXProject "dotodo" */ = {
			isa = XCConfigurationList;
			buildConfigurations = (
				FA12314720164B6F000D31A1 /* Debug */,
				FA12314820164B6F000D31A1 /* Release */,
			);
			defaultConfigurationIsVisible = 0;
			defaultConfigurationName = Release;
		};
		FA12314920164B6F000D31A1 /* Build configuration list for PBXNativeTarget "dotodo" */ = {
			isa = XCConfigurationList;
			buildConfigurations = (
				FA12314A20164B6F000D31A1 /* Debug */,
				FA12314B20164B6F000D31A1 /* Release */,
			);
			defaultConfigurationIsVisible = 0;
			defaultConfigurationName = Release;
		};
/* End XCConfigurationList section */
	};
	rootObject = FA12312F20164B6F000D31A1 /* Project object */;
}
